// !$*UTF8*$!
{
	archiveVersion = 1;
	classes = {
	};
	objectVersion = 46;
	objects = {

/* Begin PBXBuildFile section */
		A1A822951DAB64E700B20711 /* main.m in Sources */ = {isa = PBXBuildFile; fileRef = A1A822941DAB64E700B20711 /* main.m */; };
		A1A822981DAB64E700B20711 /* AppDelegate.m in Sources */ = {isa = PBXBuildFile; fileRef = A1A822971DAB64E700B20711 /* AppDelegate.m */; };
		A1A8229B1DAB64E700B20711 /* ViewController.m in Sources */ = {isa = PBXBuildFile; fileRef = A1A8229A1DAB64E700B20711 /* ViewController.m */; };
		A1A8229E1DAB64E700B20711 /* Main.storyboard in Resources */ = {isa = PBXBuildFile; fileRef = A1A8229C1DAB64E700B20711 /* Main.storyboard */; };
		A1A822A01DAB64E700B20711 /* Assets.xcassets in Resources */ = {isa = PBXBuildFile; fileRef = A1A8229F1DAB64E700B20711 /* Assets.xcassets */; };
		A1A822A31DAB64E700B20711 /* LaunchScreen.storyboard in Resources */ = {isa = PBXBuildFile; fileRef = A1A822A11DAB64E700B20711 /* LaunchScreen.storyboard */; };
		A1A822AF1DAB723E00B20711 /* UIControl+Calculate.m in Sources */ = {isa = PBXBuildFile; fileRef = A1A822AE1DAB723E00B20711 /* UIControl+Calculate.m */; };
		A1A822B21DAB7FB200B20711 /* UIViewController+jisuan.m in Sources */ = {isa = PBXBuildFile; fileRef = A1A822B11DAB7FB200B20711 /* UIViewController+jisuan.m */; };
/* End PBXBuildFile section */

/* Begin PBXFileReference section */
		A1A822901DAB64E700B20711 /* RunTime交换消息（偷天换日）.app */ = {isa = PBXFileReference; explicitFileType = wrapper.application; includeInIndex = 0; path = "RunTime交换消息（偷天换日）.app"; sourceTree = BUILT_PRODUCTS_DIR; };
		A1A822941DAB64E700B20711 /* main.m */ = {isa = PBXFileReference; lastKnownFileType = sourcecode.c.objc; path = main.m; sourceTree = "<group>"; };
		A1A822961DAB64E700B20711 /* AppDelegate.h */ = {isa = PBXFileReference; lastKnownFileType = sourcecode.c.h; path = AppDelegate.h; sourceTree = "<group>"; };
		A1A822971DAB64E700B20711 /* AppDelegate.m */ = {isa = PBXFileReference; lastKnownFileType = sourcecode.c.objc; path = AppDelegate.m; sourceTree = "<group>"; };
		A1A822991DAB64E700B20711 /* ViewController.h */ = {isa = PBXFileReference; lastKnownFileType = sourcecode.c.h; path = ViewController.h; sourceTree = "<group>"; };
		A1A8229A1DAB64E700B20711 /* ViewController.m */ = {isa = PBXFileReference; lastKnownFileType = sourcecode.c.objc; path = ViewController.m; sourceTree = "<group>"; };
		A1A8229D1DAB64E700B20711 /* Base */ = {isa = PBXFileReference; lastKnownFileType = file.storyboard; name = Base; path = Base.lproj/Main.storyboard; sourceTree = "<group>"; };
		A1A8229F1DAB64E700B20711 /* Assets.xcassets */ = {isa = PBXFileReference; lastKnownFileType = folder.assetcatalog; path = Assets.xcassets; sourceTree = "<group>"; };
		A1A822A21DAB64E700B20711 /* Base */ = {isa = PBXFileReference; lastKnownFileType = file.storyboard; name = Base; path = Base.lproj/LaunchScreen.storyboard; sourceTree = "<group>"; };
		A1A822A41DAB64E700B20711 /* Info.plist */ = {isa = PBXFileReference; lastKnownFileType = text.plist.xml; path = Info.plist; sourceTree = "<group>"; };
		A1A822AD1DAB723E00B20711 /* UIControl+Calculate.h */ = {isa = PBXFileReference; fileEncoding = 4; lastKnownFileType = sourcecode.c.h; path = "UIControl+Calculate.h"; sourceTree = "<group>"; };
		A1A822AE1DAB723E00B20711 /* UIControl+Calculate.m */ = {isa = PBXFileReference; fileEncoding = 4; lastKnownFileType = sourcecode.c.objc; path = "UIControl+Calculate.m"; sourceTree = "<group>"; };
		A1A822B01DAB7FB200B20711 /* UIViewController+jisuan.h */ = {isa = PBXFileReference; fileEncoding = 4; lastKnownFileType = sourcecode.c.h; path = "UIViewController+jisuan.h"; sourceTree = "<group>"; };
		A1A822B11DAB7FB200B20711 /* UIViewController+jisuan.m */ = {isa = PBXFileReference; fileEncoding = 4; lastKnownFileType = sourcecode.c.objc; path = "UIViewController+jisuan.m"; sourceTree = "<group>"; };
/* End PBXFileReference section */

/* Begin PBXFrameworksBuildPhase section */
		A1A8228D1DAB64E700B20711 /* Frameworks */ = {
			isa = PBXFrameworksBuildPhase;
			buildActionMask = 2147483647;
			files = (
			);
			runOnlyForDeploymentPostprocessing = 0;
		};
/* End PBXFrameworksBuildPhase section */

/* Begin PBXGroup section */
		A1A822871DAB64E700B20711 = {
			isa = PBXGroup;
			children = (
				A1A822921DAB64E700B20711 /* RunTime交换消息（偷天换日） */,
				A1A822911DAB64E700B20711 /* Products */,
			);
			sourceTree = "<group>";
		};
		A1A822911DAB64E700B20711 /* Products */ = {
			isa = PBXGroup;
			children = (
				A1A822901DAB64E700B20711 /* RunTime交换消息（偷天换日）.app */,
			);
			name = Products;
			sourceTree = "<group>";
		};
		A1A822921DAB64E700B20711 /* RunTime交换消息（偷天换日） */ = {
			isa = PBXGroup;
			children = (
				A1A822961DAB64E700B20711 /* AppDelegate.h */,
				A1A822971DAB64E700B20711 /* AppDelegate.m */,
				A1A822991DAB64E700B20711 /* ViewController.h */,
				A1A8229A1DAB64E700B20711 /* ViewController.m */,
				A1A822AD1DAB723E00B20711 /* UIControl+Calculate.h */,
				A1A822AE1DAB723E00B20711 /* UIControl+Calculate.m */,
				A1A822B01DAB7FB200B20711 /* UIViewController+jisuan.h */,
				A1A822B11DAB7FB200B20711 /* UIViewController+jisuan.m */,
				A1A8229C1DAB64E700B20711 /* Main.storyboard */,
				A1A8229F1DAB64E700B20711 /* Assets.xcassets */,
				A1A822A11DAB64E700B20711 /* LaunchScreen.storyboard */,
				A1A822A41DAB64E700B20711 /* Info.plist */,
				A1A822931DAB64E700B20711 /* Supporting Files */,
			);
			path = "RunTime交换消息（偷天换日）";
			sourceTree = "<group>";
		};
		A1A822931DAB64E700B20711 /* Supporting Files */ = {
			isa = PBXGroup;
			children = (
				A1A822941DAB64E700B20711 /* main.m */,
			);
			name = "Supporting Files";
			sourceTree = "<group>";
		};
/* End PBXGroup section */

/* Begin PBXNativeTarget section */
		A1A8228F1DAB64E700B20711 /* RunTime交换消息（偷天换日） */ = {
			isa = PBXNativeTarget;
			buildConfigurationList = A1A822A71DAB64E700B20711 /* Build configuration list for PBXNativeTarget "RunTime交换消息（偷天换日）" */;
			buildPhases = (
				A1A8228C1DAB64E700B20711 /* Sources */,
				A1A8228D1DAB64E700B20711 /* Frameworks */,
				A1A8228E1DAB64E700B20711 /* Resources */,
			);
			buildRules = (
			);
			dependencies = (
			);
			name = "RunTime交换消息（偷天换日）";
			productName = "RunTime交换消息（偷天换日）";
			productReference = A1A822901DAB64E700B20711 /* RunTime交换消息（偷天换日）.app */;
			productType = "com.apple.product-type.application";
		};
/* End PBXNativeTarget section */

/* Begin PBXProject section */
		A1A822881DAB64E700B20711 /* Project object */ = {
			isa = PBXProject;
			attributes = {
				LastUpgradeCheck = 0730;
				ORGANIZATIONNAME = Zeus;
				TargetAttributes = {
					A1A8228F1DAB64E700B20711 = {
						CreatedOnToolsVersion = 7.3;
					};
				};
			};
			buildConfigurationList = A1A8228B1DAB64E700B20711 /* Build configuration list for PBXProject "RunTime交换消息（偷天换日）" */;
			compatibilityVersion = "Xcode 3.2";
			developmentRegion = English;
			hasScannedForEncodings = 0;
			knownRegions = (
				en,
				Base,
			);
			mainGroup = A1A822871DAB64E700B20711;
			productRefGroup = A1A822911DAB64E700B20711 /* Products */;
			projectDirPath = "";
			projectRoot = "";
			targets = (
				A1A8228F1DAB64E700B20711 /* RunTime交换消息（偷天换日） */,
			);
		};
/* End PBXProject section */

/* Begin PBXResourcesBuildPhase section */
		A1A8228E1DAB64E700B20711 /* Resources */ = {
			isa = PBXResourcesBuildPhase;
			buildActionMask = 2147483647;
			files = (
				A1A822A31DAB64E700B20711 /* LaunchScreen.storyboard in Resources */,
				A1A822A01DAB64E700B20711 /* Assets.xcassets in Resources */,
				A1A8229E1DAB64E700B20711 /* Main.storyboard in Resources */,
			);
			runOnlyForDeploymentPostprocessing = 0;
		};
/* End PBXResourcesBuildPhase section */

/* Begin PBXSourcesBuildPhase section */
		A1A8228C1DAB64E700B20711 /* Sources */ = {
			isa = PBXSourcesBuildPhase;
			buildActionMask = 2147483647;
			files = (
				A1A822AF1DAB723E00B20711 /* UIControl+Calculate.m in Sources */,
				A1A8229B1DAB64E700B20711 /* ViewController.m in Sources */,
				A1A822981DAB64E700B20711 /* AppDelegate.m in Sources */,
				A1A822B21DAB7FB200B20711 /* UIViewController+jisuan.m in Sources */,
				A1A822951DAB64E700B20711 /* main.m in Sources */,
			);
			runOnlyForDeploymentPostprocessing = 0;
		};
/* End PBXSourcesBuildPhase section */

/* Begin PBXVariantGroup section */
		A1A8229C1DAB64E700B20711 /* Main.storyboard */ = {
			isa = PBXVariantGroup;
			children = (
				A1A8229D1DAB64E700B20711 /* Base */,
			);
			name = Main.storyboard;
			sourceTree = "<group>";
		};
		A1A822A11DAB64E700B20711 /* LaunchScreen.storyboard */ = {
			isa = PBXVariantGroup;
			children = (
				A1A822A21DAB64E700B20711 /* Base */,
			);
			name = LaunchScreen.storyboard;
			sourceTree = "<group>";
		};
/* End PBXVariantGroup section */

/* Begin XCBuildConfiguration section */
		A1A822A51DAB64E700B20711 /* Debug */ = {
			isa = XCBuildConfiguration;
			buildSettings = {
				ALWAYS_SEARCH_USER_PATHS = NO;
				CLANG_ANALYZER_NONNULL = YES;
				CLANG_CXX_LANGUAGE_STANDARD = "gnu++0x";
				CLANG_CXX_LIBRARY = "libc++";
				CLANG_ENABLE_MODULES = YES;
				CLANG_ENABLE_OBJC_ARC = YES;
				CLANG_WARN_BOOL_CONVERSION = YES;
				CLANG_WARN_CONSTANT_CONVERSION = YES;
				CLANG_WARN_DIRECT_OBJC_ISA_USAGE = YES_ERROR;
				CLANG_WARN_EMPTY_BODY = YES;
				CLANG_WARN_ENUM_CONVERSION = YES;
				CLANG_WARN_INT_CONVERSION = YES;
				CLANG_WARN_OBJC_ROOT_CLASS = YES_ERROR;
				CLANG_WARN_UNREACHABLE_CODE = YES;
				CLANG_WARN__DUPLICATE_METHOD_MATCH = YES;
				"CODE_SIGN_IDENTITY[sdk=iphoneos*]" = "iPhone Developer";
				COPY_PHASE_STRIP = NO;
				DEBUG_INFORMATION_FORMAT = dwarf;
				ENABLE_STRICT_OBJC_MSGSEND = YES;
				ENABLE_TESTABILITY = YES;
				GCC_C_LANGUAGE_STANDARD = gnu99;
				GCC_DYNAMIC_NO_PIC = NO;
				GCC_NO_COMMON_BLOCKS = YES;
				GCC_OPTIMIZATION_LEVEL = 0;
				GCC_PREPROCESSOR_DEFINITIONS = (
					"DEBUG=1",
					"$(inherited)",
				);
				GCC_WARN_64_TO_32_BIT_CONVERSION = YES;
				GCC_WARN_ABOUT_RETURN_TYPE = YES_ERROR;
				GCC_WARN_UNDECLARED_SELECTOR = YES;
				GCC_WARN_UNINITIALIZED_AUTOS = YES_AGGRESSIVE;
				GCC_WARN_UNUSED_FUNCTION = YES;
				GCC_WARN_UNUSED_VARIABLE = YES;
				IPHONEOS_DEPLOYMENT_TARGET = 9.3;
				MTL_ENABLE_DEBUG_INFO = YES;
				ONLY_ACTIVE_ARCH = YES;
				SDKROOT = iphoneos;
			};
			name = Debug;
		};
		A1A822A61DAB64E700B20711 /* Release */ = {
			isa = XCBuildConfiguration;
			buildSettings = {
				ALWAYS_SEARCH_USER_PATHS = NO;
				CLANG_ANALYZER_NONNULL = YES;
				CLANG_CXX_LANGUAGE_STANDARD = "gnu++0x";
				CLANG_CXX_LIBRARY = "libc++";
				CLANG_ENABLE_MODULES = YES;
				CLANG_ENABLE_OBJC_ARC = YES;
				CLANG_WARN_BOOL_CONVERSION = YES;
				CLANG_WARN_CONSTANT_CONVERSION = YES;
				CLANG_WARN_DIRECT_OBJC_ISA_USAGE = YES_ERROR;
				CLANG_WARN_EMPTY_BODY = YES;
				CLANG_WARN_ENUM_CONVERSION = YES;
				CLANG_WARN_INT_CONVERSION = YES;
				CLANG_WARN_OBJC_ROOT_CLASS = YES_ERROR;
				CLANG_WARN_UNREACHABLE_CODE = YES;
				CLANG_WARN__DUPLICATE_METHOD_MATCH = YES;
				"CODE_SIGN_IDENTITY[sdk=iphoneos*]" = "iPhone Developer";
				COPY_PHASE_STRIP = NO;
				DEBUG_INFORMATION_FORMAT = "dwarf-with-dsym";
				ENABLE_NS_ASSERTIONS = NO;
				ENABLE_STRICT_OBJC_MSGSEND = YES;
				GCC_C_LANGUAGE_STANDARD = gnu99;
				GCC_NO_COMMON_BLOCKS = YES;
				GCC_WARN_64_TO_32_BIT_CONVERSION = YES;
				GCC_WARN_ABOUT_RETURN_TYPE = YES_ERROR;
				GCC_WARN_UNDECLARED_SELECTOR = YES;
				GCC_WARN_UNINITIALIZED_AUTOS = YES_AGGRESSIVE;
				GCC_WARN_UNUSED_FUNCTION = YES;
				GCC_WARN_UNUSED_VARIABLE = YES;
				IPHONEOS_DEPLOYMENT_TARGET = 9.3;
				MTL_ENABLE_DEBUG_INFO = NO;
				SDKROOT = iphoneos;
				VALIDATE_PRODUCT = YES;
			};
			name = Release;
		};
		A1A822A81DAB64E700B20711 /* Debug */ = {
			isa = XCBuildConfiguration;
			buildSettings = {
				ASSETCATALOG_COMPILER_APPICON_NAME = AppIcon;
				INFOPLIST_FILE = "RunTime交换消息（偷天换日）/Info.plist";
				LD_RUNPATH_SEARCH_PATHS = "$(inherited) @executable_path/Frameworks";
				PRODUCT_BUNDLE_IDENTIFIER = "MeetClass.RunTime----------";
				PRODUCT_NAME = "$(TARGET_NAME)";
			};
			name = Debug;
		};
		A1A822A91DAB64E700B20711 /* Release */ = {
			isa = XCBuildConfiguration;
			buildSettings = {
				ASSETCATALOG_COMPILER_APPICON_NAME = AppIcon;
				INFOPLIST_FILE = "RunTime交换消息（偷天换日）/Info.plist";
				LD_RUNPATH_SEARCH_PATHS = "$(inherited) @executable_path/Frameworks";
				PRODUCT_BUNDLE_IDENTIFIER = "MeetClass.RunTime----------";
				PRODUCT_NAME = "$(TARGET_NAME)";
			};
			name = Release;
		};
/* End XCBuildConfiguration section */

/* Begin XCConfigurationList section */
		A1A8228B1DAB64E700B20711 /* Build configuration list for PBXProject "RunTime交换消息（偷天换日）" */ = {
			isa = XCConfigurationList;
			buildConfigurations = (
				A1A822A51DAB64E700B20711 /* Debug */,
				A1A822A61DAB64E700B20711 /* Release */,
			);
			defaultConfigurationIsVisible = 0;
			defaultConfigurationName = Release;
		};
		A1A822A71DAB64E700B20711 /* Build configuration list for PBXNativeTarget "RunTime交换消息（偷天换日）" */ = {
			isa = XCConfigurationList;
			buildConfigurations = (
				A1A822A81DAB64E700B20711 /* Debug */,
				A1A822A91DAB64E700B20711 /* Release */,
			);
			defaultConfigurationIsVisible = 0;
		};
/* End XCConfigurationList section */
	};
	rootObject = A1A822881DAB64E700B20711 /* Project object */;
}
