// !$*UTF8*$!
{
	archiveVersion = 1;
	classes = {
	};
	objectVersion = 46;
	objects = {

/* Begin PBXBuildFile section */
		A1A822C11DAB824A00B20711 /* main.m in Sources */ = {isa = PBXBuildFile; fileRef = A1A822C01DAB824A00B20711 /* main.m */; };
		A1A822C41DAB824A00B20711 /* AppDelegate.m in Sources */ = {isa = PBXBuildFile; fileRef = A1A822C31DAB824A00B20711 /* AppDelegate.m */; };
		A1A822C71DAB824A00B20711 /* ViewController.m in Sources */ = {isa = PBXBuildFile; fileRef = A1A822C61DAB824A00B20711 /* ViewController.m */; };
		A1A822CA1DAB824A00B20711 /* Main.storyboard in Resources */ = {isa = PBXBuildFile; fileRef = A1A822C81DAB824A00B20711 /* Main.storyboard */; };
		A1A822CC1DAB824A00B20711 /* Assets.xcassets in Resources */ = {isa = PBXBuildFile; fileRef = A1A822CB1DAB824A00B20711 /* Assets.xcassets */; };
		A1A822CF1DAB824A00B20711 /* LaunchScreen.storyboard in Resources */ = {isa = PBXBuildFile; fileRef = A1A822CD1DAB824A00B20711 /* LaunchScreen.storyboard */; };
		A1A822D81DAB8A1800B20711 /* Dog.m in Sources */ = {isa = PBXBuildFile; fileRef = A1A822D71DAB8A1800B20711 /* Dog.m */; };
		A1A822DB1DAB8A2C00B20711 /* Bird.m in Sources */ = {isa = PBXBuildFile; fileRef = A1A822DA1DAB8A2C00B20711 /* Bird.m */; };
/* End PBXBuildFile section */

/* Begin PBXFileReference section */
		A1A822BC1DAB824A00B20711 /* RunTime-消息转发.app */ = {isa = PBXFileReference; explicitFileType = wrapper.application; includeInIndex = 0; path = "RunTime-消息转发.app"; sourceTree = BUILT_PRODUCTS_DIR; };
		A1A822C01DAB824A00B20711 /* main.m */ = {isa = PBXFileReference; lastKnownFileType = sourcecode.c.objc; path = main.m; sourceTree = "<group>"; };
		A1A822C21DAB824A00B20711 /* AppDelegate.h */ = {isa = PBXFileReference; lastKnownFileType = sourcecode.c.h; path = AppDelegate.h; sourceTree = "<group>"; };
		A1A822C31DAB824A00B20711 /* AppDelegate.m */ = {isa = PBXFileReference; lastKnownFileType = sourcecode.c.objc; path = AppDelegate.m; sourceTree = "<group>"; };
		A1A822C51DAB824A00B20711 /* ViewController.h */ = {isa = PBXFileReference; lastKnownFileType = sourcecode.c.h; path = ViewController.h; sourceTree = "<group>"; };
		A1A822C61DAB824A00B20711 /* ViewController.m */ = {isa = PBXFileReference; lastKnownFileType = sourcecode.c.objc; path = ViewController.m; sourceTree = "<group>"; };
		A1A822C91DAB824A00B20711 /* Base */ = {isa = PBXFileReference; lastKnownFileType = file.storyboard; name = Base; path = Base.lproj/Main.storyboard; sourceTree = "<group>"; };
		A1A822CB1DAB824A00B20711 /* Assets.xcassets */ = {isa = PBXFileReference; lastKnownFileType = folder.assetcatalog; path = Assets.xcassets; sourceTree = "<group>"; };
		A1A822CE1DAB824A00B20711 /* Base */ = {isa = PBXFileReference; lastKnownFileType = file.storyboard; name = Base; path = Base.lproj/LaunchScreen.storyboard; sourceTree = "<group>"; };
		A1A822D01DAB824A00B20711 /* Info.plist */ = {isa = PBXFileReference; lastKnownFileType = text.plist.xml; path = Info.plist; sourceTree = "<group>"; };
		A1A822D61DAB8A1800B20711 /* Dog.h */ = {isa = PBXFileReference; fileEncoding = 4; lastKnownFileType = sourcecode.c.h; path = Dog.h; sourceTree = "<group>"; };
		A1A822D71DAB8A1800B20711 /* Dog.m */ = {isa = PBXFileReference; fileEncoding = 4; lastKnownFileType = sourcecode.c.objc; path = Dog.m; sourceTree = "<group>"; };
		A1A822D91DAB8A2C00B20711 /* Bird.h */ = {isa = PBXFileReference; fileEncoding = 4; lastKnownFileType = sourcecode.c.h; path = Bird.h; sourceTree = "<group>"; };
		A1A822DA1DAB8A2C00B20711 /* Bird.m */ = {isa = PBXFileReference; fileEncoding = 4; lastKnownFileType = sourcecode.c.objc; path = Bird.m; sourceTree = "<group>"; };
/* End PBXFileReference section */

/* Begin PBXFrameworksBuildPhase section */
		A1A822B91DAB824A00B20711 /* Frameworks */ = {
			isa = PBXFrameworksBuildPhase;
			buildActionMask = 2147483647;
			files = (
			);
			runOnlyForDeploymentPostprocessing = 0;
		};
/* End PBXFrameworksBuildPhase section */

/* Begin PBXGroup section */
		A1A822B31DAB824A00B20711 = {
			isa = PBXGroup;
			children = (
				A1A822BE1DAB824A00B20711 /* RunTime-消息转发 */,
				A1A822BD1DAB824A00B20711 /* Products */,
			);
			sourceTree = "<group>";
		};
		A1A822BD1DAB824A00B20711 /* Products */ = {
			isa = PBXGroup;
			children = (
				A1A822BC1DAB824A00B20711 /* RunTime-消息转发.app */,
			);
			name = Products;
			sourceTree = "<group>";
		};
		A1A822BE1DAB824A00B20711 /* RunTime-消息转发 */ = {
			isa = PBXGroup;
			children = (
				A1A822C21DAB824A00B20711 /* AppDelegate.h */,
				A1A822C31DAB824A00B20711 /* AppDelegate.m */,
				A1A822C51DAB824A00B20711 /* ViewController.h */,
				A1A822C61DAB824A00B20711 /* ViewController.m */,
				A1A822D61DAB8A1800B20711 /* Dog.h */,
				A1A822D71DAB8A1800B20711 /* Dog.m */,
				A1A822D91DAB8A2C00B20711 /* Bird.h */,
				A1A822DA1DAB8A2C00B20711 /* Bird.m */,
				A1A822C81DAB824A00B20711 /* Main.storyboard */,
				A1A822CB1DAB824A00B20711 /* Assets.xcassets */,
				A1A822CD1DAB824A00B20711 /* LaunchScreen.storyboard */,
				A1A822D01DAB824A00B20711 /* Info.plist */,
				A1A822BF1DAB824A00B20711 /* Supporting Files */,
			);
			path = "RunTime-消息转发";
			sourceTree = "<group>";
		};
		A1A822BF1DAB824A00B20711 /* Supporting Files */ = {
			isa = PBXGroup;
			children = (
				A1A822C01DAB824A00B20711 /* main.m */,
			);
			name = "Supporting Files";
			sourceTree = "<group>";
		};
/* End PBXGroup section */

/* Begin PBXNativeTarget section */
		A1A822BB1DAB824A00B20711 /* RunTime-消息转发 */ = {
			isa = PBXNativeTarget;
			buildConfigurationList = A1A822D31DAB824A00B20711 /* Build configuration list for PBXNativeTarget "RunTime-消息转发" */;
			buildPhases = (
				A1A822B81DAB824A00B20711 /* Sources */,
				A1A822B91DAB824A00B20711 /* Frameworks */,
				A1A822BA1DAB824A00B20711 /* Resources */,
			);
			buildRules = (
			);
			dependencies = (
			);
			name = "RunTime-消息转发";
			productName = "RunTime-消息转发";
			productReference = A1A822BC1DAB824A00B20711 /* RunTime-消息转发.app */;
			productType = "com.apple.product-type.application";
		};
/* End PBXNativeTarget section */

/* Begin PBXProject section */
		A1A822B41DAB824A00B20711 /* Project object */ = {
			isa = PBXProject;
			attributes = {
				LastUpgradeCheck = 0730;
				ORGANIZATIONNAME = Zeus;
				TargetAttributes = {
					A1A822BB1DAB824A00B20711 = {
						CreatedOnToolsVersion = 7.3;
					};
				};
			};
			buildConfigurationList = A1A822B71DAB824A00B20711 /* Build configuration list for PBXProject "RunTime-消息转发" */;
			compatibilityVersion = "Xcode 3.2";
			developmentRegion = English;
			hasScannedForEncodings = 0;
			knownRegions = (
				en,
				Base,
			);
			mainGroup = A1A822B31DAB824A00B20711;
			productRefGroup = A1A822BD1DAB824A00B20711 /* Products */;
			projectDirPath = "";
			projectRoot = "";
			targets = (
				A1A822BB1DAB824A00B20711 /* RunTime-消息转发 */,
			);
		};
/* End PBXProject section */

/* Begin PBXResourcesBuildPhase section */
		A1A822BA1DAB824A00B20711 /* Resources */ = {
			isa = PBXResourcesBuildPhase;
			buildActionMask = 2147483647;
			files = (
				A1A822CF1DAB824A00B20711 /* LaunchScreen.storyboard in Resources */,
				A1A822CC1DAB824A00B20711 /* Assets.xcassets in Resources */,
				A1A822CA1DAB824A00B20711 /* Main.storyboard in Resources */,
			);
			runOnlyForDeploymentPostprocessing = 0;
		};
/* End PBXResourcesBuildPhase section */

/* Begin PBXSourcesBuildPhase section */
		A1A822B81DAB824A00B20711 /* Sources */ = {
			isa = PBXSourcesBuildPhase;
			buildActionMask = 2147483647;
			files = (
				A1A822DB1DAB8A2C00B20711 /* Bird.m in Sources */,
				A1A822C71DAB824A00B20711 /* ViewController.m in Sources */,
				A1A822C41DAB824A00B20711 /* AppDelegate.m in Sources */,
				A1A822D81DAB8A1800B20711 /* Dog.m in Sources */,
				A1A822C11DAB824A00B20711 /* main.m in Sources */,
			);
			runOnlyForDeploymentPostprocessing = 0;
		};
/* End PBXSourcesBuildPhase section */

/* Begin PBXVariantGroup section */
		A1A822C81DAB824A00B20711 /* Main.storyboard */ = {
			isa = PBXVariantGroup;
			children = (
				A1A822C91DAB824A00B20711 /* Base */,
			);
			name = Main.storyboard;
			sourceTree = "<group>";
		};
		A1A822CD1DAB824A00B20711 /* LaunchScreen.storyboard */ = {
			isa = PBXVariantGroup;
			children = (
				A1A822CE1DAB824A00B20711 /* Base */,
			);
			name = LaunchScreen.storyboard;
			sourceTree = "<group>";
		};
/* End PBXVariantGroup section */

/* Begin XCBuildConfiguration section */
		A1A822D11DAB824A00B20711 /* Debug */ = {
			isa = XCBuildConfiguration;
			buildSettings = {
				ALWAYS_SEARCH_USER_PATHS = NO;
				CLANG_ANALYZER_NONNULL = YES;
				CLANG_CXX_LANGUAGE_STANDARD = "gnu++0x";
				CLANG_CXX_LIBRARY = "libc++";
				CLANG_ENABLE_MODULES = YES;
				CLANG_ENABLE_OBJC_ARC = YES;
				CLANG_WARN_BOOL_CONVERSION = YES;
				CLANG_WARN_CONSTANT_CONVERSION = YES;
				CLANG_WARN_DIRECT_OBJC_ISA_USAGE = YES_ERROR;
				CLANG_WARN_EMPTY_BODY = YES;
				CLANG_WARN_ENUM_CONVERSION = YES;
				CLANG_WARN_INT_CONVERSION = YES;
				CLANG_WARN_OBJC_ROOT_CLASS = YES_ERROR;
				CLANG_WARN_UNREACHABLE_CODE = YES;
				CLANG_WARN__DUPLICATE_METHOD_MATCH = YES;
				"CODE_SIGN_IDENTITY[sdk=iphoneos*]" = "iPhone Developer";
				COPY_PHASE_STRIP = NO;
				DEBUG_INFORMATION_FORMAT = dwarf;
				ENABLE_STRICT_OBJC_MSGSEND = YES;
				ENABLE_TESTABILITY = YES;
				GCC_C_LANGUAGE_STANDARD = gnu99;
				GCC_DYNAMIC_NO_PIC = NO;
				GCC_NO_COMMON_BLOCKS = YES;
				GCC_OPTIMIZATION_LEVEL = 0;
				GCC_PREPROCESSOR_DEFINITIONS = (
					"DEBUG=1",
					"$(inherited)",
				);
				GCC_WARN_64_TO_32_BIT_CONVERSION = YES;
				GCC_WARN_ABOUT_RETURN_TYPE = YES_ERROR;
				GCC_WARN_UNDECLARED_SELECTOR = YES;
				GCC_WARN_UNINITIALIZED_AUTOS = YES_AGGRESSIVE;
				GCC_WARN_UNUSED_FUNCTION = YES;
				GCC_WARN_UNUSED_VARIABLE = YES;
				IPHONEOS_DEPLOYMENT_TARGET = 9.3;
				MTL_ENABLE_DEBUG_INFO = YES;
				ONLY_ACTIVE_ARCH = YES;
				SDKROOT = iphoneos;
			};
			name = Debug;
		};
		A1A822D21DAB824A00B20711 /* Release */ = {
			isa = XCBuildConfiguration;
			buildSettings = {
				ALWAYS_SEARCH_USER_PATHS = NO;
				CLANG_ANALYZER_NONNULL = YES;
				CLANG_CXX_LANGUAGE_STANDARD = "gnu++0x";
				CLANG_CXX_LIBRARY = "libc++";
				CLANG_ENABLE_MODULES = YES;
				CLANG_ENABLE_OBJC_ARC = YES;
				CLANG_WARN_BOOL_CONVERSION = YES;
				CLANG_WARN_CONSTANT_CONVERSION = YES;
				CLANG_WARN_DIRECT_OBJC_ISA_USAGE = YES_ERROR;
				CLANG_WARN_EMPTY_BODY = YES;
				CLANG_WARN_ENUM_CONVERSION = YES;
				CLANG_WARN_INT_CONVERSION = YES;
				CLANG_WARN_OBJC_ROOT_CLASS = YES_ERROR;
				CLANG_WARN_UNREACHABLE_CODE = YES;
				CLANG_WARN__DUPLICATE_METHOD_MATCH = YES;
				"CODE_SIGN_IDENTITY[sdk=iphoneos*]" = "iPhone Developer";
				COPY_PHASE_STRIP = NO;
				DEBUG_INFORMATION_FORMAT = "dwarf-with-dsym";
				ENABLE_NS_ASSERTIONS = NO;
				ENABLE_STRICT_OBJC_MSGSEND = YES;
				GCC_C_LANGUAGE_STANDARD = gnu99;
				GCC_NO_COMMON_BLOCKS = YES;
				GCC_WARN_64_TO_32_BIT_CONVERSION = YES;
				GCC_WARN_ABOUT_RETURN_TYPE = YES_ERROR;
				GCC_WARN_UNDECLARED_SELECTOR = YES;
				GCC_WARN_UNINITIALIZED_AUTOS = YES_AGGRESSIVE;
				GCC_WARN_UNUSED_FUNCTION = YES;
				GCC_WARN_UNUSED_VARIABLE = YES;
				IPHONEOS_DEPLOYMENT_TARGET = 9.3;
				MTL_ENABLE_DEBUG_INFO = NO;
				SDKROOT = iphoneos;
				VALIDATE_PRODUCT = YES;
			};
			name = Release;
		};
		A1A822D41DAB824A00B20711 /* Debug */ = {
			isa = XCBuildConfiguration;
			buildSettings = {
				ASSETCATALOG_COMPILER_APPICON_NAME = AppIcon;
				INFOPLIST_FILE = "RunTime-消息转发/Info.plist";
				LD_RUNPATH_SEARCH_PATHS = "$(inherited) @executable_path/Frameworks";
				PRODUCT_BUNDLE_IDENTIFIER = "MeetClass.RunTime-----";
				PRODUCT_NAME = "$(TARGET_NAME)";
			};
			name = Debug;
		};
		A1A822D51DAB824A00B20711 /* Release */ = {
			isa = XCBuildConfiguration;
			buildSettings = {
				ASSETCATALOG_COMPILER_APPICON_NAME = AppIcon;
				INFOPLIST_FILE = "RunTime-消息转发/Info.plist";
				LD_RUNPATH_SEARCH_PATHS = "$(inherited) @executable_path/Frameworks";
				PRODUCT_BUNDLE_IDENTIFIER = "MeetClass.RunTime-----";
				PRODUCT_NAME = "$(TARGET_NAME)";
			};
			name = Release;
		};
/* End XCBuildConfiguration section */

/* Begin XCConfigurationList section */
		A1A822B71DAB824A00B20711 /* Build configuration list for PBXProject "RunTime-消息转发" */ = {
			isa = XCConfigurationList;
			buildConfigurations = (
				A1A822D11DAB824A00B20711 /* Debug */,
				A1A822D21DAB824A00B20711 /* Release */,
			);
			defaultConfigurationIsVisible = 0;
			defaultConfigurationName = Release;
		};
		A1A822D31DAB824A00B20711 /* Build configuration list for PBXNativeTarget "RunTime-消息转发" */ = {
			isa = XCConfigurationList;
			buildConfigurations = (
				A1A822D41DAB824A00B20711 /* Debug */,
				A1A822D51DAB824A00B20711 /* Release */,
			);
			defaultConfigurationIsVisible = 0;
		};
/* End XCConfigurationList section */
	};
	rootObject = A1A822B41DAB824A00B20711 /* Project object */;
}
